{
    "name": "jazminleon",
    "version": "0.1.0",
    "lockfileVersion": 1,
    "requires": true,
    "dependencies": {
        "what-input": {
            "version": "5.2.1",
            "resolved": "https://registry.npmjs.org/what-input/-/what-input-5.2.1.tgz",
            "integrity": "sha512-AMGOidhKd5uzVO4ZIZQ1gg3zz3/NNDYes8h5oVg1NXXju1IvhoNNJk8MB8VFAzkv84w5j7oSQxmuE5lsQKDCHg=="
        }
    }
}
